// !$*UTF8*$!
{
	archiveVersion = 1;
	classes = {
	};
	objectVersion = 46;
	objects = {

/* Begin PBXBuildFile section */
		DCEA93DF1EC184F800C36FA4 /* a15.cpp in Sources */ = {isa = PBXBuildFile; fileRef = DCEA93DE1EC184F800C36FA4 /* a15.cpp */; };
		DCEA93EC1EC185C900C36FA4 /* creature.cpp in Sources */ = {isa = PBXBuildFile; fileRef = DCEA93EB1EC185C900C36FA4 /* creature.cpp */; };
		DCEA93EE1EC2C4D300C36FA4 /* elf.cpp in Sources */ = {isa = PBXBuildFile; fileRef = DCEA93ED1EC2C4D300C36FA4 /* elf.cpp */; };
		DCEA93F01EC2C70500C36FA4 /* human.cpp in Sources */ = {isa = PBXBuildFile; fileRef = DCEA93EF1EC2C70500C36FA4 /* human.cpp */; };
		DCEA93F21EC2C71700C36FA4 /* demon.cpp in Sources */ = {isa = PBXBuildFile; fileRef = DCEA93F11EC2C71700C36FA4 /* demon.cpp */; };
		DCEA93F41EC2C72C00C36FA4 /* cyberdemon.cpp in Sources */ = {isa = PBXBuildFile; fileRef = DCEA93F31EC2C72C00C36FA4 /* cyberdemon.cpp */; };
		DCEA93F61EC2C73D00C36FA4 /* balrog.cpp in Sources */ = {isa = PBXBuildFile; fileRef = DCEA93F51EC2C73D00C36FA4 /* balrog.cpp */; };
/* End PBXBuildFile section */

/* Begin PBXCopyFilesBuildPhase section */
		DCEA93D91EC184F800C36FA4 /* CopyFiles */ = {
			isa = PBXCopyFilesBuildPhase;
			buildActionMask = 2147483647;
			dstPath = /usr/share/man/man1/;
			dstSubfolderSpec = 0;
			files = (
			);
			runOnlyForDeploymentPostprocessing = 1;
		};
/* End PBXCopyFilesBuildPhase section */

/* Begin PBXFileReference section */
		DCEA93DB1EC184F800C36FA4 /* a15_1 */ = {isa = PBXFileReference; explicitFileType = "compiled.mach-o.executable"; includeInIndex = 0; path = a15_1; sourceTree = BUILT_PRODUCTS_DIR; };
		DCEA93DE1EC184F800C36FA4 /* a15.cpp */ = {isa = PBXFileReference; lastKnownFileType = sourcecode.cpp.cpp; path = a15.cpp; sourceTree = "<group>"; };
		DCEA93E51EC1853C00C36FA4 /* creature.h */ = {isa = PBXFileReference; lastKnownFileType = sourcecode.c.h; path = creature.h; sourceTree = "<group>"; };
		DCEA93E61EC1854D00C36FA4 /* demon.h */ = {isa = PBXFileReference; lastKnownFileType = sourcecode.c.h; path = demon.h; sourceTree = "<group>"; };
		DCEA93E71EC1856000C36FA4 /* human.h */ = {isa = PBXFileReference; lastKnownFileType = sourcecode.c.h; path = human.h; sourceTree = "<group>"; };
		DCEA93E81EC1858600C36FA4 /* balrog.h */ = {isa = PBXFileReference; lastKnownFileType = sourcecode.c.h; path = balrog.h; sourceTree = "<group>"; };
		DCEA93E91EC1859200C36FA4 /* cyberdemon.h */ = {isa = PBXFileReference; lastKnownFileType = sourcecode.c.h; path = cyberdemon.h; sourceTree = "<group>"; };
		DCEA93EA1EC185A000C36FA4 /* elf.h */ = {isa = PBXFileReference; lastKnownFileType = sourcecode.c.h; path = elf.h; sourceTree = "<group>"; };
		DCEA93EB1EC185C900C36FA4 /* creature.cpp */ = {isa = PBXFileReference; fileEncoding = 4; lastKnownFileType = sourcecode.cpp.cpp; path = creature.cpp; sourceTree = "<group>"; };
		DCEA93ED1EC2C4D300C36FA4 /* elf.cpp */ = {isa = PBXFileReference; fileEncoding = 4; lastKnownFileType = sourcecode.cpp.cpp; path = elf.cpp; sourceTree = "<group>"; };
		DCEA93EF1EC2C70500C36FA4 /* human.cpp */ = {isa = PBXFileReference; fileEncoding = 4; lastKnownFileType = sourcecode.cpp.cpp; path = human.cpp; sourceTree = "<group>"; };
		DCEA93F11EC2C71700C36FA4 /* demon.cpp */ = {isa = PBXFileReference; fileEncoding = 4; lastKnownFileType = sourcecode.cpp.cpp; path = demon.cpp; sourceTree = "<group>"; };
		DCEA93F31EC2C72C00C36FA4 /* cyberdemon.cpp */ = {isa = PBXFileReference; fileEncoding = 4; lastKnownFileType = sourcecode.cpp.cpp; path = cyberdemon.cpp; sourceTree = "<group>"; };
		DCEA93F51EC2C73D00C36FA4 /* balrog.cpp */ = {isa = PBXFileReference; fileEncoding = 4; lastKnownFileType = sourcecode.cpp.cpp; path = balrog.cpp; sourceTree = "<group>"; };
/* End PBXFileReference section */

/* Begin PBXFrameworksBuildPhase section */
		DCEA93D81EC184F800C36FA4 /* Frameworks */ = {
			isa = PBXFrameworksBuildPhase;
			buildActionMask = 2147483647;
			files = (
			);
			runOnlyForDeploymentPostprocessing = 0;
		};
/* End PBXFrameworksBuildPhase section */

/* Begin PBXGroup section */
		DCEA93D21EC184F800C36FA4 = {
			isa = PBXGroup;
			children = (
				DCEA93DD1EC184F800C36FA4 /* a15_1 */,
				DCEA93DC1EC184F800C36FA4 /* Products */,
			);
			sourceTree = "<group>";
		};
		DCEA93DC1EC184F800C36FA4 /* Products */ = {
			isa = PBXGroup;
			children = (
				DCEA93DB1EC184F800C36FA4 /* a15_1 */,
			);
			name = Products;
			sourceTree = "<group>";
		};
		DCEA93DD1EC184F800C36FA4 /* a15_1 */ = {
			isa = PBXGroup;
			children = (
				DCEA93E51EC1853C00C36FA4 /* creature.h */,
				DCEA93EB1EC185C900C36FA4 /* creature.cpp */,
				DCEA93E61EC1854D00C36FA4 /* demon.h */,
				DCEA93F11EC2C71700C36FA4 /* demon.cpp */,
				DCEA93E71EC1856000C36FA4 /* human.h */,
				DCEA93EF1EC2C70500C36FA4 /* human.cpp */,
				DCEA93EA1EC185A000C36FA4 /* elf.h */,
				DCEA93ED1EC2C4D300C36FA4 /* elf.cpp */,
				DCEA93E91EC1859200C36FA4 /* cyberdemon.h */,
				DCEA93F31EC2C72C00C36FA4 /* cyberdemon.cpp */,
				DCEA93E81EC1858600C36FA4 /* balrog.h */,
				DCEA93F51EC2C73D00C36FA4 /* balrog.cpp */,
				DCEA93DE1EC184F800C36FA4 /* a15.cpp */,
			);
			path = a15_1;
			sourceTree = "<group>";
		};
/* End PBXGroup section */

/* Begin PBXNativeTarget section */
		DCEA93DA1EC184F800C36FA4 /* a15_1 */ = {
			isa = PBXNativeTarget;
			buildConfigurationList = DCEA93E21EC184F800C36FA4 /* Build configuration list for PBXNativeTarget "a15_1" */;
			buildPhases = (
				DCEA93D71EC184F800C36FA4 /* Sources */,
				DCEA93D81EC184F800C36FA4 /* Frameworks */,
				DCEA93D91EC184F800C36FA4 /* CopyFiles */,
			);
			buildRules = (
			);
			dependencies = (
			);
			name = a15_1;
			productName = a15_1;
			productReference = DCEA93DB1EC184F800C36FA4 /* a15_1 */;
			productType = "com.apple.product-type.tool";
		};
/* End PBXNativeTarget section */

/* Begin PBXProject section */
		DCEA93D31EC184F800C36FA4 /* Project object */ = {
			isa = PBXProject;
			attributes = {
				LastUpgradeCheck = 0820;
				ORGANIZATIONNAME = "Stacey Rivet Beck";
				TargetAttributes = {
					DCEA93DA1EC184F800C36FA4 = {
						CreatedOnToolsVersion = 8.2.1;
						DevelopmentTeam = ELMG6WPJT2;
						ProvisioningStyle = Automatic;
					};
				};
			};
			buildConfigurationList = DCEA93D61EC184F800C36FA4 /* Build configuration list for PBXProject "a15_1" */;
			compatibilityVersion = "Xcode 3.2";
			developmentRegion = English;
			hasScannedForEncodings = 0;
			knownRegions = (
				en,
			);
			mainGroup = DCEA93D21EC184F800C36FA4;
			productRefGroup = DCEA93DC1EC184F800C36FA4 /* Products */;
			projectDirPath = "";
			projectRoot = "";
			targets = (
				DCEA93DA1EC184F800C36FA4 /* a15_1 */,
			);
		};
/* End PBXProject section */

/* Begin PBXSourcesBuildPhase section */
		DCEA93D71EC184F800C36FA4 /* Sources */ = {
			isa = PBXSourcesBuildPhase;
			buildActionMask = 2147483647;
			files = (
				DCEA93F21EC2C71700C36FA4 /* demon.cpp in Sources */,
				DCEA93EE1EC2C4D300C36FA4 /* elf.cpp in Sources */,
				DCEA93EC1EC185C900C36FA4 /* creature.cpp in Sources */,
				DCEA93DF1EC184F800C36FA4 /* a15.cpp in Sources */,
				DCEA93F01EC2C70500C36FA4 /* human.cpp in Sources */,
				DCEA93F41EC2C72C00C36FA4 /* cyberdemon.cpp in Sources */,
				DCEA93F61EC2C73D00C36FA4 /* balrog.cpp in Sources */,
			);
			runOnlyForDeploymentPostprocessing = 0;
		};
/* End PBXSourcesBuildPhase section */

/* Begin XCBuildConfiguration section */
		DCEA93E01EC184F800C36FA4 /* Debug */ = {
			isa = XCBuildConfiguration;
			buildSettings = {
				ALWAYS_SEARCH_USER_PATHS = NO;
				CLANG_ANALYZER_NONNULL = YES;
				CLANG_CXX_LANGUAGE_STANDARD = "gnu++0x";
				CLANG_CXX_LIBRARY = "libc++";
				CLANG_ENABLE_MODULES = YES;
				CLANG_ENABLE_OBJC_ARC = YES;
				CLANG_WARN_BOOL_CONVERSION = YES;
				CLANG_WARN_CONSTANT_CONVERSION = YES;
				CLANG_WARN_DIRECT_OBJC_ISA_USAGE = YES_ERROR;
				CLANG_WARN_DOCUMENTATION_COMMENTS = YES;
				CLANG_WARN_EMPTY_BODY = YES;
				CLANG_WARN_ENUM_CONVERSION = YES;
				CLANG_WARN_INFINITE_RECURSION = YES;
				CLANG_WARN_INT_CONVERSION = YES;
				CLANG_WARN_OBJC_ROOT_CLASS = YES_ERROR;
				CLANG_WARN_SUSPICIOUS_MOVE = YES;
				CLANG_WARN_UNREACHABLE_CODE = YES;
				CLANG_WARN__DUPLICATE_METHOD_MATCH = YES;
				CODE_SIGN_IDENTITY = "-";
				COPY_PHASE_STRIP = NO;
				DEBUG_INFORMATION_FORMAT = dwarf;
				ENABLE_STRICT_OBJC_MSGSEND = YES;
				ENABLE_TESTABILITY = YES;
				GCC_C_LANGUAGE_STANDARD = gnu99;
				GCC_DYNAMIC_NO_PIC = NO;
				GCC_NO_COMMON_BLOCKS = YES;
				GCC_OPTIMIZATION_LEVEL = 0;
				GCC_PREPROCESSOR_DEFINITIONS = (
					"DEBUG=1",
					"$(inherited)",
				);
				GCC_WARN_64_TO_32_BIT_CONVERSION = YES;
				GCC_WARN_ABOUT_RETURN_TYPE = YES_ERROR;
				GCC_WARN_UNDECLARED_SELECTOR = YES;
				GCC_WARN_UNINITIALIZED_AUTOS = YES_AGGRESSIVE;
				GCC_WARN_UNUSED_FUNCTION = YES;
				GCC_WARN_UNUSED_VARIABLE = YES;
				MACOSX_DEPLOYMENT_TARGET = 10.12;
				MTL_ENABLE_DEBUG_INFO = YES;
				ONLY_ACTIVE_ARCH = YES;
				SDKROOT = macosx;
			};
			name = Debug;
		};
		DCEA93E11EC184F800C36FA4 /* Release */ = {
			isa = XCBuildConfiguration;
			buildSettings = {
				ALWAYS_SEARCH_USER_PATHS = NO;
				CLANG_ANALYZER_NONNULL = YES;
				CLANG_CXX_LANGUAGE_STANDARD = "gnu++0x";
				CLANG_CXX_LIBRARY = "libc++";
				CLANG_ENABLE_MODULES = YES;
				CLANG_ENABLE_OBJC_ARC = YES;
				CLANG_WARN_BOOL_CONVERSION = YES;
				CLANG_WARN_CONSTANT_CONVERSION = YES;
				CLANG_WARN_DIRECT_OBJC_ISA_USAGE = YES_ERROR;
				CLANG_WARN_DOCUMENTATION_COMMENTS = YES;
				CLANG_WARN_EMPTY_BODY = YES;
				CLANG_WARN_ENUM_CONVERSION = YES;
				CLANG_WARN_INFINITE_RECURSION = YES;
				CLANG_WARN_INT_CONVERSION = YES;
				CLANG_WARN_OBJC_ROOT_CLASS = YES_ERROR;
				CLANG_WARN_SUSPICIOUS_MOVE = YES;
				CLANG_WARN_UNREACHABLE_CODE = YES;
				CLANG_WARN__DUPLICATE_METHOD_MATCH = YES;
				CODE_SIGN_IDENTITY = "-";
				COPY_PHASE_STRIP = NO;
				DEBUG_INFORMATION_FORMAT = "dwarf-with-dsym";
				ENABLE_NS_ASSERTIONS = NO;
				ENABLE_STRICT_OBJC_MSGSEND = YES;
				GCC_C_LANGUAGE_STANDARD = gnu99;
				GCC_NO_COMMON_BLOCKS = YES;
				GCC_WARN_64_TO_32_BIT_CONVERSION = YES;
				GCC_WARN_ABOUT_RETURN_TYPE = YES_ERROR;
				GCC_WARN_UNDECLARED_SELECTOR = YES;
				GCC_WARN_UNINITIALIZED_AUTOS = YES_AGGRESSIVE;
				GCC_WARN_UNUSED_FUNCTION = YES;
				GCC_WARN_UNUSED_VARIABLE = YES;
				MACOSX_DEPLOYMENT_TARGET = 10.12;
				MTL_ENABLE_DEBUG_INFO = NO;
				SDKROOT = macosx;
			};
			name = Release;
		};
		DCEA93E31EC184F800C36FA4 /* Debug */ = {
			isa = XCBuildConfiguration;
			buildSettings = {
				DEVELOPMENT_TEAM = ELMG6WPJT2;
				PRODUCT_NAME = "$(TARGET_NAME)";
			};
			name = Debug;
		};
		DCEA93E41EC184F800C36FA4 /* Release */ = {
			isa = XCBuildConfiguration;
			buildSettings = {
				DEVELOPMENT_TEAM = ELMG6WPJT2;
				PRODUCT_NAME = "$(TARGET_NAME)";
			};
			name = Release;
		};
/* End XCBuildConfiguration section */

/* Begin XCConfigurationList section */
		DCEA93D61EC184F800C36FA4 /* Build configuration list for PBXProject "a15_1" */ = {
			isa = XCConfigurationList;
			buildConfigurations = (
				DCEA93E01EC184F800C36FA4 /* Debug */,
				DCEA93E11EC184F800C36FA4 /* Release */,
			);
			defaultConfigurationIsVisible = 0;
			defaultConfigurationName = Release;
		};
		DCEA93E21EC184F800C36FA4 /* Build configuration list for PBXNativeTarget "a15_1" */ = {
			isa = XCConfigurationList;
			buildConfigurations = (
				DCEA93E31EC184F800C36FA4 /* Debug */,
				DCEA93E41EC184F800C36FA4 /* Release */,
			);
			defaultConfigurationIsVisible = 0;
			defaultConfigurationName = Release;
		};
/* End XCConfigurationList section */
	};
	rootObject = DCEA93D31EC184F800C36FA4 /* Project object */;
}
